
Microsoft Visual Studio Solution File, Format Version 12.00
# Visual Studio 15
VisualStudioVersion = 15.0.28307.852
MinimumVisualStudioVersion = 10.0.40219.1
Project("{8BC9CEB8-8B4A-11D0-8D11-00A0C91BC942}") = "Class type programming", "Class type programming\Class type programming.vcxproj", "{EEB373A8-FA52-4D78-8611-365025AC6CFC}"
EndProject
Global
	GlobalSection(SolutionConfigurationPlatforms) = preSolution
		Debug|x64 = Debug|x64
		Debug|x86 = Debug|x86
		Release|x64 = Release|x64
		Release|x86 = Release|x86
	EndGlobalSection
	GlobalSection(ProjectConfigurationPlatforms) = postSolution
		{EEB373A8-FA52-4D78-8611-365025AC6CFC}.Debug|x64.ActiveCfg = Debug|x64
		{EEB373A8-FA52-4D78-8611-365025AC6CFC}.Debug|x64.Build.0 = Debug|x64
		{EEB373A8-FA52-4D78-8611-365025AC6CFC}.Debug|x86.ActiveCfg = Debug|Win32
		{EEB373A8-FA52-4D78-8611-365025AC6CFC}.Debug|x86.Build.0 = Debug|Win32
		{EEB373A8-FA52-4D78-8611-365025AC6CFC}.Release|x64.ActiveCfg = Release|x64
		{EEB373A8-FA52-4D78-8611-365025AC6CFC}.Release|x64.Build.0 = Release|x64
		{EEB373A8-FA52-4D78-8611-365025AC6CFC}.Release|x86.ActiveCfg = Release|Win32
		{EEB373A8-FA52-4D78-8611-365025AC6CFC}.Release|x86.Build.0 = Release|Win32
	EndGlobalSection
	GlobalSection(SolutionProperties) = preSolution
		HideSolutionNode = FALSE
	EndGlobalSection
	GlobalSection(ExtensibilityGlobals) = postSolution
		SolutionGuid = {2DC7CD8E-49B2-4EE0-8E91-CD75BE60FB71}
	EndGlobalSection
EndGlobal
